
Microsoft Visual Studio Solution File, Format Version 12.00
# Visual Studio Version 17
VisualStudioVersion = 17.9.34728.123
MinimumVisualStudioVersion = 10.0.40219.1
Project("{FAE04EC0-301F-11D3-BF4B-00C04F79EFBC}") = "Week8EpicGame", "Week8\Week8EpicGame.csproj", "{7D7B38AB-FD33-4DF3-9651-71C5FCA1413F}"
EndProject
Project("{FAE04EC0-301F-11D3-BF4B-00C04F79EFBC}") = "Test", "Test\Test.csproj", "{6A6A965A-0E21-4F18-A937-F1EE94E2445A}"
EndProject
Global
	GlobalSection(SolutionConfigurationPlatforms) = preSolution
		Debug|Any CPU = Debug|Any CPU
		Release|Any CPU = Release|Any CPU
	EndGlobalSection
	GlobalSection(ProjectConfigurationPlatforms) = postSolution
		{7D7B38AB-FD33-4DF3-9651-71C5FCA1413F}.Debug|Any CPU.ActiveCfg = Debug|Any CPU
		{7D7B38AB-FD33-4DF3-9651-71C5FCA1413F}.Debug|Any CPU.Build.0 = Debug|Any CPU
		{7D7B38AB-FD33-4DF3-9651-71C5FCA1413F}.Release|Any CPU.ActiveCfg = Release|Any CPU
		{7D7B38AB-FD33-4DF3-9651-71C5FCA1413F}.Release|Any CPU.Build.0 = Release|Any CPU
		{6A6A965A-0E21-4F18-A937-F1EE94E2445A}.Debug|Any CPU.ActiveCfg = Debug|Any CPU
		{6A6A965A-0E21-4F18-A937-F1EE94E2445A}.Debug|Any CPU.Build.0 = Debug|Any CPU
		{6A6A965A-0E21-4F18-A937-F1EE94E2445A}.Release|Any CPU.ActiveCfg = Release|Any CPU
		{6A6A965A-0E21-4F18-A937-F1EE94E2445A}.Release|Any CPU.Build.0 = Release|Any CPU
	EndGlobalSection
	GlobalSection(SolutionProperties) = preSolution
		HideSolutionNode = FALSE
	EndGlobalSection
	GlobalSection(ExtensibilityGlobals) = postSolution
		SolutionGuid = {D7C0612A-54D1-43A9-8BB1-809F6AD0E480}
	EndGlobalSection
EndGlobal
